
Microsoft Visual Studio Solution File, Format Version 12.00
# Visual Studio 2012
Project("{8BC9CEB8-8B4A-11D0-8D11-00A0C91BC942}") = "High Scores", "High Scores\High Scores.vcxproj", "{C113B49E-6828-4F55-979A-36C91D0316C6}"
EndProject
Global
	GlobalSection(SolutionConfigurationPlatforms) = preSolution
		Debug|Win32 = Debug|Win32
		Release|Win32 = Release|Win32
	EndGlobalSection
	GlobalSection(ProjectConfigurationPlatforms) = postSolution
		{C113B49E-6828-4F55-979A-36C91D0316C6}.Debug|Win32.ActiveCfg = Debug|Win32
		{C113B49E-6828-4F55-979A-36C91D0316C6}.Debug|Win32.Build.0 = Debug|Win32
		{C113B49E-6828-4F55-979A-36C91D0316C6}.Release|Win32.ActiveCfg = Release|Win32
		{C113B49E-6828-4F55-979A-36C91D0316C6}.Release|Win32.Build.0 = Release|Win32
	EndGlobalSection
	GlobalSection(SolutionProperties) = preSolution
		HideSolutionNode = FALSE
	EndGlobalSection
EndGlobal
